
Microsoft Visual Studio Solution File, Format Version 12.00
# Visual Studio Version 17
VisualStudioVersion = 17.11.35222.181
MinimumVisualStudioVersion = 10.0.40219.1
Project("{E24C65DC-7377-472B-9ABA-BC803B73C61A}") = "Test_Source", ".", "{E231F14D-8084-4B8F-9B5C-2EC86F5F2D16}"
	ProjectSection(WebsiteProperties) = preProject
		TargetFrameworkMoniker = ".NETFramework,Version%3Dv4.0"
		Debug.AspNetCompiler.VirtualPath = "/localhost_61125"
		Debug.AspNetCompiler.PhysicalPath = "..\Test_Source\"
		Debug.AspNetCompiler.TargetPath = "PrecompiledWeb\localhost_61125\"
		Debug.AspNetCompiler.Updateable = "true"
		Debug.AspNetCompiler.ForceOverwrite = "true"
		Debug.AspNetCompiler.FixedNames = "false"
		Debug.AspNetCompiler.Debug = "True"
		Release.AspNetCompiler.VirtualPath = "/localhost_61125"
		Release.AspNetCompiler.PhysicalPath = "..\Test_Source\"
		Release.AspNetCompiler.TargetPath = "PrecompiledWeb\localhost_61125\"
		Release.AspNetCompiler.Updateable = "true"
		Release.AspNetCompiler.ForceOverwrite = "true"
		Release.AspNetCompiler.FixedNames = "false"
		Release.AspNetCompiler.Debug = "False"
		VWDPort = "61125"
		SlnRelativePath = "..\Test_Source\"
		DefaultWebSiteLanguage = "Visual C#"
	EndProjectSection
EndProject
Global
	GlobalSection(SolutionConfigurationPlatforms) = preSolution
		Debug|Any CPU = Debug|Any CPU
	EndGlobalSection
	GlobalSection(ProjectConfigurationPlatforms) = postSolution
		{E231F14D-8084-4B8F-9B5C-2EC86F5F2D16}.Debug|Any CPU.ActiveCfg = Debug|Any CPU
		{E231F14D-8084-4B8F-9B5C-2EC86F5F2D16}.Debug|Any CPU.Build.0 = Debug|Any CPU
	EndGlobalSection
	GlobalSection(SolutionProperties) = preSolution
		HideSolutionNode = FALSE
	EndGlobalSection
	GlobalSection(ExtensibilityGlobals) = postSolution
		SolutionGuid = {E857DF37-FC33-4658-862D-F3DBCFD16515}
	EndGlobalSection
EndGlobal
